
Microsoft Visual Studio Solution File, Format Version 12.00
# Visual Studio 15
VisualStudioVersion = 15.0.26124.0
MinimumVisualStudioVersion = 15.0.26124.0
Project("{FAE04EC0-301F-11D3-BF4B-00C04F79EFBC}") = "API", "API\API.csproj", "{392FBB17-1788-4016-A850-EC0EBE602079}"
EndProject
Project("{FAE04EC0-301F-11D3-BF4B-00C04F79EFBC}") = "Core", "Core\Core.csproj", "{0DAA5745-B2CC-4411-97A2-44D6E0951976}"
EndProject
Project("{FAE04EC0-301F-11D3-BF4B-00C04F79EFBC}") = "Infrastructure", "Infrastructure\Infrastructure.csproj", "{FA14FCB6-926A-4B7C-845E-515382938E52}"
EndProject
Global
	GlobalSection(SolutionConfigurationPlatforms) = preSolution
		Debug|Any CPU = Debug|Any CPU
		Debug|x64 = Debug|x64
		Debug|x86 = Debug|x86
		Release|Any CPU = Release|Any CPU
		Release|x64 = Release|x64
		Release|x86 = Release|x86
	EndGlobalSection
	GlobalSection(SolutionProperties) = preSolution
		HideSolutionNode = FALSE
	EndGlobalSection
	GlobalSection(ProjectConfigurationPlatforms) = postSolution
		{392FBB17-1788-4016-A850-EC0EBE602079}.Debug|Any CPU.ActiveCfg = Debug|Any CPU
		{392FBB17-1788-4016-A850-EC0EBE602079}.Debug|Any CPU.Build.0 = Debug|Any CPU
		{392FBB17-1788-4016-A850-EC0EBE602079}.Debug|x64.ActiveCfg = Debug|Any CPU
		{392FBB17-1788-4016-A850-EC0EBE602079}.Debug|x64.Build.0 = Debug|Any CPU
		{392FBB17-1788-4016-A850-EC0EBE602079}.Debug|x86.ActiveCfg = Debug|Any CPU
		{392FBB17-1788-4016-A850-EC0EBE602079}.Debug|x86.Build.0 = Debug|Any CPU
		{392FBB17-1788-4016-A850-EC0EBE602079}.Release|Any CPU.ActiveCfg = Release|Any CPU
		{392FBB17-1788-4016-A850-EC0EBE602079}.Release|Any CPU.Build.0 = Release|Any CPU
		{392FBB17-1788-4016-A850-EC0EBE602079}.Release|x64.ActiveCfg = Release|Any CPU
		{392FBB17-1788-4016-A850-EC0EBE602079}.Release|x64.Build.0 = Release|Any CPU
		{392FBB17-1788-4016-A850-EC0EBE602079}.Release|x86.ActiveCfg = Release|Any CPU
		{392FBB17-1788-4016-A850-EC0EBE602079}.Release|x86.Build.0 = Release|Any CPU
		{0DAA5745-B2CC-4411-97A2-44D6E0951976}.Debug|Any CPU.ActiveCfg = Debug|Any CPU
		{0DAA5745-B2CC-4411-97A2-44D6E0951976}.Debug|Any CPU.Build.0 = Debug|Any CPU
		{0DAA5745-B2CC-4411-97A2-44D6E0951976}.Debug|x64.ActiveCfg = Debug|Any CPU
		{0DAA5745-B2CC-4411-97A2-44D6E0951976}.Debug|x64.Build.0 = Debug|Any CPU
		{0DAA5745-B2CC-4411-97A2-44D6E0951976}.Debug|x86.ActiveCfg = Debug|Any CPU
		{0DAA5745-B2CC-4411-97A2-44D6E0951976}.Debug|x86.Build.0 = Debug|Any CPU
		{0DAA5745-B2CC-4411-97A2-44D6E0951976}.Release|Any CPU.ActiveCfg = Release|Any CPU
		{0DAA5745-B2CC-4411-97A2-44D6E0951976}.Release|Any CPU.Build.0 = Release|Any CPU
		{0DAA5745-B2CC-4411-97A2-44D6E0951976}.Release|x64.ActiveCfg = Release|Any CPU
		{0DAA5745-B2CC-4411-97A2-44D6E0951976}.Release|x64.Build.0 = Release|Any CPU
		{0DAA5745-B2CC-4411-97A2-44D6E0951976}.Release|x86.ActiveCfg = Release|Any CPU
		{0DAA5745-B2CC-4411-97A2-44D6E0951976}.Release|x86.Build.0 = Release|Any CPU
		{FA14FCB6-926A-4B7C-845E-515382938E52}.Debug|Any CPU.ActiveCfg = Debug|Any CPU
		{FA14FCB6-926A-4B7C-845E-515382938E52}.Debug|Any CPU.Build.0 = Debug|Any CPU
		{FA14FCB6-926A-4B7C-845E-515382938E52}.Debug|x64.ActiveCfg = Debug|Any CPU
		{FA14FCB6-926A-4B7C-845E-515382938E52}.Debug|x64.Build.0 = Debug|Any CPU
		{FA14FCB6-926A-4B7C-845E-515382938E52}.Debug|x86.ActiveCfg = Debug|Any CPU
		{FA14FCB6-926A-4B7C-845E-515382938E52}.Debug|x86.Build.0 = Debug|Any CPU
		{FA14FCB6-926A-4B7C-845E-515382938E52}.Release|Any CPU.ActiveCfg = Release|Any CPU
		{FA14FCB6-926A-4B7C-845E-515382938E52}.Release|Any CPU.Build.0 = Release|Any CPU
		{FA14FCB6-926A-4B7C-845E-515382938E52}.Release|x64.ActiveCfg = Release|Any CPU
		{FA14FCB6-926A-4B7C-845E-515382938E52}.Release|x64.Build.0 = Release|Any CPU
		{FA14FCB6-926A-4B7C-845E-515382938E52}.Release|x86.ActiveCfg = Release|Any CPU
		{FA14FCB6-926A-4B7C-845E-515382938E52}.Release|x86.Build.0 = Release|Any CPU
	EndGlobalSection
EndGlobal
